
Microsoft Visual Studio Solution File, Format Version 12.00
# Visual Studio Version 17
VisualStudioVersion = 17.9.34622.214
MinimumVisualStudioVersion = 10.0.40219.1
Project("{FAE04EC0-301F-11D3-BF4B-00C04F79EFBC}") = "APIFun", "APIFun.csproj", "{0E496B2C-F68B-4A62-9A7B-6BEF8A3A551B}"
EndProject
Global
	GlobalSection(SolutionConfigurationPlatforms) = preSolution
		Debug|Any CPU = Debug|Any CPU
		Release|Any CPU = Release|Any CPU
	EndGlobalSection
	GlobalSection(ProjectConfigurationPlatforms) = postSolution
		{0E496B2C-F68B-4A62-9A7B-6BEF8A3A551B}.Debug|Any CPU.ActiveCfg = Debug|Any CPU
		{0E496B2C-F68B-4A62-9A7B-6BEF8A3A551B}.Debug|Any CPU.Build.0 = Debug|Any CPU
		{0E496B2C-F68B-4A62-9A7B-6BEF8A3A551B}.Release|Any CPU.ActiveCfg = Release|Any CPU
		{0E496B2C-F68B-4A62-9A7B-6BEF8A3A551B}.Release|Any CPU.Build.0 = Release|Any CPU
	EndGlobalSection
	GlobalSection(SolutionProperties) = preSolution
		HideSolutionNode = FALSE
	EndGlobalSection
	GlobalSection(ExtensibilityGlobals) = postSolution
		SolutionGuid = {48DCCAB7-A478-4A70-9C7D-16536271D387}
	EndGlobalSection
EndGlobal
